
Microsoft Visual Studio Solution File, Format Version 12.00
# Blend for Visual Studio Version 16
VisualStudioVersion = 16.0.31911.196
MinimumVisualStudioVersion = 10.0.40219.1
Project("{9A19103F-16F7-4668-BE54-9A1E7A4F7556}") = "WrapAndStackPanelsTutorial", "WrapAndStackPanelsTutorial.csproj", "{FC5670B2-13F9-4A06-8FEA-A722A9536AC2}"
EndProject
Global
	GlobalSection(SolutionConfigurationPlatforms) = preSolution
		Debug|Any CPU = Debug|Any CPU
		Release|Any CPU = Release|Any CPU
	EndGlobalSection
	GlobalSection(ProjectConfigurationPlatforms) = postSolution
		{FC5670B2-13F9-4A06-8FEA-A722A9536AC2}.Debug|Any CPU.ActiveCfg = Debug|Any CPU
		{FC5670B2-13F9-4A06-8FEA-A722A9536AC2}.Debug|Any CPU.Build.0 = Debug|Any CPU
		{FC5670B2-13F9-4A06-8FEA-A722A9536AC2}.Release|Any CPU.ActiveCfg = Release|Any CPU
		{FC5670B2-13F9-4A06-8FEA-A722A9536AC2}.Release|Any CPU.Build.0 = Release|Any CPU
	EndGlobalSection
	GlobalSection(SolutionProperties) = preSolution
		HideSolutionNode = FALSE
	EndGlobalSection
	GlobalSection(ExtensibilityGlobals) = postSolution
		SolutionGuid = {BF4192F0-89AA-44FD-BFFF-4A99C0DDAF36}
	EndGlobalSection
EndGlobal
